
Microsoft Visual Studio Solution File, Format Version 12.00
# Visual Studio 15
VisualStudioVersion = 15.0.28307.421
MinimumVisualStudioVersion = 10.0.40219.1
Project("{FAE04EC0-301F-11D3-BF4B-00C04F79EFBC}") = "Game.ActorModel", "Game.ActorModel\Game.ActorModel.csproj", "{FB98DD05-D88D-44C8-A07B-46439D80BC67}"
EndProject
Project("{FAE04EC0-301F-11D3-BF4B-00C04F79EFBC}") = "Game.Web", "Game.Web\Game.Web.csproj", "{7137B414-A0DB-47C7-91DD-954EB83C0B6B}"
EndProject
Project("{FAE04EC0-301F-11D3-BF4B-00C04F79EFBC}") = "Game.State", "Game.State\Game.State.csproj", "{ADA354F6-AC4A-4162-8DBD-BE62D53465B1}"
EndProject
Global
	GlobalSection(SolutionConfigurationPlatforms) = preSolution
		Debug|Any CPU = Debug|Any CPU
		Release|Any CPU = Release|Any CPU
	EndGlobalSection
	GlobalSection(ProjectConfigurationPlatforms) = postSolution
		{FB98DD05-D88D-44C8-A07B-46439D80BC67}.Debug|Any CPU.ActiveCfg = Debug|Any CPU
		{FB98DD05-D88D-44C8-A07B-46439D80BC67}.Debug|Any CPU.Build.0 = Debug|Any CPU
		{FB98DD05-D88D-44C8-A07B-46439D80BC67}.Release|Any CPU.ActiveCfg = Release|Any CPU
		{FB98DD05-D88D-44C8-A07B-46439D80BC67}.Release|Any CPU.Build.0 = Release|Any CPU
		{7137B414-A0DB-47C7-91DD-954EB83C0B6B}.Debug|Any CPU.ActiveCfg = Debug|Any CPU
		{7137B414-A0DB-47C7-91DD-954EB83C0B6B}.Debug|Any CPU.Build.0 = Debug|Any CPU
		{7137B414-A0DB-47C7-91DD-954EB83C0B6B}.Release|Any CPU.ActiveCfg = Release|Any CPU
		{7137B414-A0DB-47C7-91DD-954EB83C0B6B}.Release|Any CPU.Build.0 = Release|Any CPU
		{ADA354F6-AC4A-4162-8DBD-BE62D53465B1}.Debug|Any CPU.ActiveCfg = Debug|Any CPU
		{ADA354F6-AC4A-4162-8DBD-BE62D53465B1}.Debug|Any CPU.Build.0 = Debug|Any CPU
		{ADA354F6-AC4A-4162-8DBD-BE62D53465B1}.Release|Any CPU.ActiveCfg = Release|Any CPU
		{ADA354F6-AC4A-4162-8DBD-BE62D53465B1}.Release|Any CPU.Build.0 = Release|Any CPU
	EndGlobalSection
	GlobalSection(SolutionProperties) = preSolution
		HideSolutionNode = FALSE
	EndGlobalSection
	GlobalSection(ExtensibilityGlobals) = postSolution
		SolutionGuid = {EE8B3EDE-446B-4A53-BD3A-43D59ADF7ED6}
	EndGlobalSection
EndGlobal
