
Microsoft Visual Studio Solution File, Format Version 12.00
# Visual Studio 15
VisualStudioVersion = 15.0.28307.421
MinimumVisualStudioVersion = 10.0.40219.1
Project("{FAE04EC0-301F-11D3-BF4B-00C04F79EFBC}") = "MovieStreaming", "MovieStreaming\MovieStreaming.csproj", "{2B9A4259-912D-40A4-B83D-A05B9520C9D6}"
EndProject
Global
	GlobalSection(SolutionConfigurationPlatforms) = preSolution
		Debug|Any CPU = Debug|Any CPU
		Release|Any CPU = Release|Any CPU
	EndGlobalSection
	GlobalSection(ProjectConfigurationPlatforms) = postSolution
		{2B9A4259-912D-40A4-B83D-A05B9520C9D6}.Debug|Any CPU.ActiveCfg = Debug|Any CPU
		{2B9A4259-912D-40A4-B83D-A05B9520C9D6}.Debug|Any CPU.Build.0 = Debug|Any CPU
		{2B9A4259-912D-40A4-B83D-A05B9520C9D6}.Release|Any CPU.ActiveCfg = Release|Any CPU
		{2B9A4259-912D-40A4-B83D-A05B9520C9D6}.Release|Any CPU.Build.0 = Release|Any CPU
	EndGlobalSection
	GlobalSection(SolutionProperties) = preSolution
		HideSolutionNode = FALSE
	EndGlobalSection
	GlobalSection(ExtensibilityGlobals) = postSolution
		SolutionGuid = {5E90E9DD-6197-4292-A10B-FDEB1E924776}
	EndGlobalSection
EndGlobal
